// !$*UTF8*$!
{
	archiveVersion = 1;
	classes = {
	};
	objectVersion = 50;
	objects = {

/* Begin PBXBuildFile section */
		7411511724A478FA0016600D /* AppDelegate.m in Sources */ = {isa = PBXBuildFile; fileRef = 7411511624A478FA0016600D /* AppDelegate.m */; };
		7411511A24A478FA0016600D /* ViewController.m in Sources */ = {isa = PBXBuildFile; fileRef = 7411511924A478FA0016600D /* ViewController.m */; };
		7411511C24A478FB0016600D /* Assets.xcassets in Resources */ = {isa = PBXBuildFile; fileRef = 7411511B24A478FB0016600D /* Assets.xcassets */; };
		7411511F24A478FB0016600D /* Main.storyboard in Resources */ = {isa = PBXBuildFile; fileRef = 7411511D24A478FB0016600D /* Main.storyboard */; };
		7411512224A478FB0016600D /* main.m in Sources */ = {isa = PBXBuildFile; fileRef = 7411512124A478FB0016600D /* main.m */; };
		7411512D24A478FB0016600D /* CLTabWindowControllerTests.m in Sources */ = {isa = PBXBuildFile; fileRef = 7411512C24A478FB0016600D /* CLTabWindowControllerTests.m */; };
		7411513824A478FB0016600D /* CLTabWindowControllerUITests.m in Sources */ = {isa = PBXBuildFile; fileRef = 7411513724A478FB0016600D /* CLTabWindowControllerUITests.m */; };
/* End PBXBuildFile section */

/* Begin PBXContainerItemProxy section */
		7411512924A478FB0016600D /* PBXContainerItemProxy */ = {
			isa = PBXContainerItemProxy;
			containerPortal = 7411510A24A478FA0016600D /* Project object */;
			proxyType = 1;
			remoteGlobalIDString = 7411511124A478FA0016600D;
			remoteInfo = CLTabWindowController;
		};
		7411513424A478FB0016600D /* PBXContainerItemProxy */ = {
			isa = PBXContainerItemProxy;
			containerPortal = 7411510A24A478FA0016600D /* Project object */;
			proxyType = 1;
			remoteGlobalIDString = 7411511124A478FA0016600D;
			remoteInfo = CLTabWindowController;
		};
/* End PBXContainerItemProxy section */

/* Begin PBXFileReference section */
		7411511224A478FA0016600D /* CLTabWindowController.app */ = {isa = PBXFileReference; explicitFileType = wrapper.application; includeInIndex = 0; path = CLTabWindowController.app; sourceTree = BUILT_PRODUCTS_DIR; };
		7411511524A478FA0016600D /* AppDelegate.h */ = {isa = PBXFileReference; lastKnownFileType = sourcecode.c.h; path = AppDelegate.h; sourceTree = "<group>"; };
		7411511624A478FA0016600D /* AppDelegate.m */ = {isa = PBXFileReference; lastKnownFileType = sourcecode.c.objc; path = AppDelegate.m; sourceTree = "<group>"; };
		7411511824A478FA0016600D /* ViewController.h */ = {isa = PBXFileReference; lastKnownFileType = sourcecode.c.h; path = ViewController.h; sourceTree = "<group>"; };
		7411511924A478FA0016600D /* ViewController.m */ = {isa = PBXFileReference; lastKnownFileType = sourcecode.c.objc; path = ViewController.m; sourceTree = "<group>"; };
		7411511B24A478FB0016600D /* Assets.xcassets */ = {isa = PBXFileReference; lastKnownFileType = folder.assetcatalog; path = Assets.xcassets; sourceTree = "<group>"; };
		7411511E24A478FB0016600D /* Base */ = {isa = PBXFileReference; lastKnownFileType = file.storyboard; name = Base; path = Base.lproj/Main.storyboard; sourceTree = "<group>"; };
		7411512024A478FB0016600D /* Info.plist */ = {isa = PBXFileReference; lastKnownFileType = text.plist.xml; path = Info.plist; sourceTree = "<group>"; };
		7411512124A478FB0016600D /* main.m */ = {isa = PBXFileReference; lastKnownFileType = sourcecode.c.objc; path = main.m; sourceTree = "<group>"; };
		7411512324A478FB0016600D /* CLTabWindowController.entitlements */ = {isa = PBXFileReference; lastKnownFileType = text.plist.entitlements; path = CLTabWindowController.entitlements; sourceTree = "<group>"; };
		7411512824A478FB0016600D /* CLTabWindowControllerTests.xctest */ = {isa = PBXFileReference; explicitFileType = wrapper.cfbundle; includeInIndex = 0; path = CLTabWindowControllerTests.xctest; sourceTree = BUILT_PRODUCTS_DIR; };
		7411512C24A478FB0016600D /* CLTabWindowControllerTests.m */ = {isa = PBXFileReference; lastKnownFileType = sourcecode.c.objc; path = CLTabWindowControllerTests.m; sourceTree = "<group>"; };
		7411512E24A478FB0016600D /* Info.plist */ = {isa = PBXFileReference; lastKnownFileType = text.plist.xml; path = Info.plist; sourceTree = "<group>"; };
		7411513324A478FB0016600D /* CLTabWindowControllerUITests.xctest */ = {isa = PBXFileReference; explicitFileType = wrapper.cfbundle; includeInIndex = 0; path = CLTabWindowControllerUITests.xctest; sourceTree = BUILT_PRODUCTS_DIR; };
		7411513724A478FB0016600D /* CLTabWindowControllerUITests.m */ = {isa = PBXFileReference; lastKnownFileType = sourcecode.c.objc; path = CLTabWindowControllerUITests.m; sourceTree = "<group>"; };
		7411513924A478FB0016600D /* Info.plist */ = {isa = PBXFileReference; lastKnownFileType = text.plist.xml; path = Info.plist; sourceTree = "<group>"; };
/* End PBXFileReference section */

/* Begin PBXFrameworksBuildPhase section */
		7411510F24A478FA0016600D /* Frameworks */ = {
			isa = PBXFrameworksBuildPhase;
			buildActionMask = 2147483647;
			files = (
			);
			runOnlyForDeploymentPostprocessing = 0;
		};
		7411512524A478FB0016600D /* Frameworks */ = {
			isa = PBXFrameworksBuildPhase;
			buildActionMask = 2147483647;
			files = (
			);
			runOnlyForDeploymentPostprocessing = 0;
		};
		7411513024A478FB0016600D /* Frameworks */ = {
			isa = PBXFrameworksBuildPhase;
			buildActionMask = 2147483647;
			files = (
			);
			runOnlyForDeploymentPostprocessing = 0;
		};
/* End PBXFrameworksBuildPhase section */

/* Begin PBXGroup section */
		7411510924A478FA0016600D = {
			isa = PBXGroup;
			children = (
				7411511424A478FA0016600D /* CLTabWindowController */,
				7411512B24A478FB0016600D /* CLTabWindowControllerTests */,
				7411513624A478FB0016600D /* CLTabWindowControllerUITests */,
				7411511324A478FA0016600D /* Products */,
			);
			sourceTree = "<group>";
		};
		7411511324A478FA0016600D /* Products */ = {
			isa = PBXGroup;
			children = (
				7411511224A478FA0016600D /* CLTabWindowController.app */,
				7411512824A478FB0016600D /* CLTabWindowControllerTests.xctest */,
				7411513324A478FB0016600D /* CLTabWindowControllerUITests.xctest */,
			);
			name = Products;
			sourceTree = "<group>";
		};
		7411511424A478FA0016600D /* CLTabWindowController */ = {
			isa = PBXGroup;
			children = (
				7411511524A478FA0016600D /* AppDelegate.h */,
				7411511624A478FA0016600D /* AppDelegate.m */,
				7411511824A478FA0016600D /* ViewController.h */,
				7411511924A478FA0016600D /* ViewController.m */,
				7411511B24A478FB0016600D /* Assets.xcassets */,
				7411511D24A478FB0016600D /* Main.storyboard */,
				7411512024A478FB0016600D /* Info.plist */,
				7411512124A478FB0016600D /* main.m */,
				7411512324A478FB0016600D /* CLTabWindowController.entitlements */,
			);
			path = CLTabWindowController;
			sourceTree = "<group>";
		};
		7411512B24A478FB0016600D /* CLTabWindowControllerTests */ = {
			isa = PBXGroup;
			children = (
				7411512C24A478FB0016600D /* CLTabWindowControllerTests.m */,
				7411512E24A478FB0016600D /* Info.plist */,
			);
			path = CLTabWindowControllerTests;
			sourceTree = "<group>";
		};
		7411513624A478FB0016600D /* CLTabWindowControllerUITests */ = {
			isa = PBXGroup;
			children = (
				7411513724A478FB0016600D /* CLTabWindowControllerUITests.m */,
				7411513924A478FB0016600D /* Info.plist */,
			);
			path = CLTabWindowControllerUITests;
			sourceTree = "<group>";
		};
/* End PBXGroup section */

/* Begin PBXNativeTarget section */
		7411511124A478FA0016600D /* CLTabWindowController */ = {
			isa = PBXNativeTarget;
			buildConfigurationList = 7411513C24A478FB0016600D /* Build configuration list for PBXNativeTarget "CLTabWindowController" */;
			buildPhases = (
				7411510E24A478FA0016600D /* Sources */,
				7411510F24A478FA0016600D /* Frameworks */,
				7411511024A478FA0016600D /* Resources */,
			);
			buildRules = (
			);
			dependencies = (
			);
			name = CLTabWindowController;
			productName = CLTabWindowController;
			productReference = 7411511224A478FA0016600D /* CLTabWindowController.app */;
			productType = "com.apple.product-type.application";
		};
		7411512724A478FB0016600D /* CLTabWindowControllerTests */ = {
			isa = PBXNativeTarget;
			buildConfigurationList = 7411513F24A478FB0016600D /* Build configuration list for PBXNativeTarget "CLTabWindowControllerTests" */;
			buildPhases = (
				7411512424A478FB0016600D /* Sources */,
				7411512524A478FB0016600D /* Frameworks */,
				7411512624A478FB0016600D /* Resources */,
			);
			buildRules = (
			);
			dependencies = (
				7411512A24A478FB0016600D /* PBXTargetDependency */,
			);
			name = CLTabWindowControllerTests;
			productName = CLTabWindowControllerTests;
			productReference = 7411512824A478FB0016600D /* CLTabWindowControllerTests.xctest */;
			productType = "com.apple.product-type.bundle.unit-test";
		};
		7411513224A478FB0016600D /* CLTabWindowControllerUITests */ = {
			isa = PBXNativeTarget;
			buildConfigurationList = 7411514224A478FB0016600D /* Build configuration list for PBXNativeTarget "CLTabWindowControllerUITests" */;
			buildPhases = (
				7411512F24A478FB0016600D /* Sources */,
				7411513024A478FB0016600D /* Frameworks */,
				7411513124A478FB0016600D /* Resources */,
			);
			buildRules = (
			);
			dependencies = (
				7411513524A478FB0016600D /* PBXTargetDependency */,
			);
			name = CLTabWindowControllerUITests;
			productName = CLTabWindowControllerUITests;
			productReference = 7411513324A478FB0016600D /* CLTabWindowControllerUITests.xctest */;
			productType = "com.apple.product-type.bundle.ui-testing";
		};
/* End PBXNativeTarget section */

/* Begin PBXProject section */
		7411510A24A478FA0016600D /* Project object */ = {
			isa = PBXProject;
			attributes = {
				LastUpgradeCheck = 1140;
				ORGANIZATIONNAME = chen1230;
				TargetAttributes = {
					7411511124A478FA0016600D = {
						CreatedOnToolsVersion = 11.4.1;
					};
					7411512724A478FB0016600D = {
						CreatedOnToolsVersion = 11.4.1;
						TestTargetID = 7411511124A478FA0016600D;
					};
					7411513224A478FB0016600D = {
						CreatedOnToolsVersion = 11.4.1;
						TestTargetID = 7411511124A478FA0016600D;
					};
				};
			};
			buildConfigurationList = 7411510D24A478FA0016600D /* Build configuration list for PBXProject "CLTabWindowController" */;
			compatibilityVersion = "Xcode 9.3";
			developmentRegion = en;
			hasScannedForEncodings = 0;
			knownRegions = (
				en,
				Base,
			);
			mainGroup = 7411510924A478FA0016600D;
			productRefGroup = 7411511324A478FA0016600D /* Products */;
			projectDirPath = "";
			projectRoot = "";
			targets = (
				7411511124A478FA0016600D /* CLTabWindowController */,
				7411512724A478FB0016600D /* CLTabWindowControllerTests */,
				7411513224A478FB0016600D /* CLTabWindowControllerUITests */,
			);
		};
/* End PBXProject section */

/* Begin PBXResourcesBuildPhase section */
		7411511024A478FA0016600D /* Resources */ = {
			isa = PBXResourcesBuildPhase;
			buildActionMask = 2147483647;
			files = (
				7411511C24A478FB0016600D /* Assets.xcassets in Resources */,
				7411511F24A478FB0016600D /* Main.storyboard in Resources */,
			);
			runOnlyForDeploymentPostprocessing = 0;
		};
		7411512624A478FB0016600D /* Resources */ = {
			isa = PBXResourcesBuildPhase;
			buildActionMask = 2147483647;
			files = (
			);
			runOnlyForDeploymentPostprocessing = 0;
		};
		7411513124A478FB0016600D /* Resources */ = {
			isa = PBXResourcesBuildPhase;
			buildActionMask = 2147483647;
			files = (
			);
			runOnlyForDeploymentPostprocessing = 0;
		};
/* End PBXResourcesBuildPhase section */

/* Begin PBXSourcesBuildPhase section */
		7411510E24A478FA0016600D /* Sources */ = {
			isa = PBXSourcesBuildPhase;
			buildActionMask = 2147483647;
			files = (
				7411511A24A478FA0016600D /* ViewController.m in Sources */,
				7411512224A478FB0016600D /* main.m in Sources */,
				7411511724A478FA0016600D /* AppDelegate.m in Sources */,
			);
			runOnlyForDeploymentPostprocessing = 0;
		};
		7411512424A478FB0016600D /* Sources */ = {
			isa = PBXSourcesBuildPhase;
			buildActionMask = 2147483647;
			files = (
				7411512D24A478FB0016600D /* CLTabWindowControllerTests.m in Sources */,
			);
			runOnlyForDeploymentPostprocessing = 0;
		};
		7411512F24A478FB0016600D /* Sources */ = {
			isa = PBXSourcesBuildPhase;
			buildActionMask = 2147483647;
			files = (
				7411513824A478FB0016600D /* CLTabWindowControllerUITests.m in Sources */,
			);
			runOnlyForDeploymentPostprocessing = 0;
		};
/* End PBXSourcesBuildPhase section */

/* Begin PBXTargetDependency section */
		7411512A24A478FB0016600D /* PBXTargetDependency */ = {
			isa = PBXTargetDependency;
			target = 7411511124A478FA0016600D /* CLTabWindowController */;
			targetProxy = 7411512924A478FB0016600D /* PBXContainerItemProxy */;
		};
		7411513524A478FB0016600D /* PBXTargetDependency */ = {
			isa = PBXTargetDependency;
			target = 7411511124A478FA0016600D /* CLTabWindowController */;
			targetProxy = 7411513424A478FB0016600D /* PBXContainerItemProxy */;
		};
/* End PBXTargetDependency section */

/* Begin PBXVariantGroup section */
		7411511D24A478FB0016600D /* Main.storyboard */ = {
			isa = PBXVariantGroup;
			children = (
				7411511E24A478FB0016600D /* Base */,
			);
			name = Main.storyboard;
			sourceTree = "<group>";
		};
/* End PBXVariantGroup section */

/* Begin XCBuildConfiguration section */
		7411513A24A478FB0016600D /* Debug */ = {
			isa = XCBuildConfiguration;
			buildSettings = {
				ALWAYS_SEARCH_USER_PATHS = NO;
				CLANG_ANALYZER_NONNULL = YES;
				CLANG_ANALYZER_NUMBER_OBJECT_CONVERSION = YES_AGGRESSIVE;
				CLANG_CXX_LANGUAGE_STANDARD = "gnu++14";
				CLANG_CXX_LIBRARY = "libc++";
				CLANG_ENABLE_MODULES = YES;
				CLANG_ENABLE_OBJC_ARC = YES;
				CLANG_ENABLE_OBJC_WEAK = YES;
				CLANG_WARN_BLOCK_CAPTURE_AUTORELEASING = YES;
				CLANG_WARN_BOOL_CONVERSION = YES;
				CLANG_WARN_COMMA = YES;
				CLANG_WARN_CONSTANT_CONVERSION = YES;
				CLANG_WARN_DEPRECATED_OBJC_IMPLEMENTATIONS = YES;
				CLANG_WARN_DIRECT_OBJC_ISA_USAGE = YES_ERROR;
				CLANG_WARN_DOCUMENTATION_COMMENTS = YES;
				CLANG_WARN_EMPTY_BODY = YES;
				CLANG_WARN_ENUM_CONVERSION = YES;
				CLANG_WARN_INFINITE_RECURSION = YES;
				CLANG_WARN_INT_CONVERSION = YES;
				CLANG_WARN_NON_LITERAL_NULL_CONVERSION = YES;
				CLANG_WARN_OBJC_IMPLICIT_RETAIN_SELF = YES;
				CLANG_WARN_OBJC_LITERAL_CONVERSION = YES;
				CLANG_WARN_OBJC_ROOT_CLASS = YES_ERROR;
				CLANG_WARN_RANGE_LOOP_ANALYSIS = YES;
				CLANG_WARN_STRICT_PROTOTYPES = YES;
				CLANG_WARN_SUSPICIOUS_MOVE = YES;
				CLANG_WARN_UNGUARDED_AVAILABILITY = YES_AGGRESSIVE;
				CLANG_WARN_UNREACHABLE_CODE = YES;
				CLANG_WARN__DUPLICATE_METHOD_MATCH = YES;
				COPY_PHASE_STRIP = NO;
				DEBUG_INFORMATION_FORMAT = dwarf;
				ENABLE_STRICT_OBJC_MSGSEND = YES;
				ENABLE_TESTABILITY = YES;
				GCC_C_LANGUAGE_STANDARD = gnu11;
				GCC_DYNAMIC_NO_PIC = NO;
				GCC_NO_COMMON_BLOCKS = YES;
				GCC_OPTIMIZATION_LEVEL = 0;
				GCC_PREPROCESSOR_DEFINITIONS = (
					"DEBUG=1",
					"$(inherited)",
				);
				GCC_WARN_64_TO_32_BIT_CONVERSION = YES;
				GCC_WARN_ABOUT_RETURN_TYPE = YES_ERROR;
				GCC_WARN_UNDECLARED_SELECTOR = YES;
				GCC_WARN_UNINITIALIZED_AUTOS = YES_AGGRESSIVE;
				GCC_WARN_UNUSED_FUNCTION = YES;
				GCC_WARN_UNUSED_VARIABLE = YES;
				MACOSX_DEPLOYMENT_TARGET = 10.15;
				MTL_ENABLE_DEBUG_INFO = INCLUDE_SOURCE;
				MTL_FAST_MATH = YES;
				ONLY_ACTIVE_ARCH = YES;
				SDKROOT = macosx;
			};
			name = Debug;
		};
		7411513B24A478FB0016600D /* Release */ = {
			isa = XCBuildConfiguration;
			buildSettings = {
				ALWAYS_SEARCH_USER_PATHS = NO;
				CLANG_ANALYZER_NONNULL = YES;
				CLANG_ANALYZER_NUMBER_OBJECT_CONVERSION = YES_AGGRESSIVE;
				CLANG_CXX_LANGUAGE_STANDARD = "gnu++14";
				CLANG_CXX_LIBRARY = "libc++";
				CLANG_ENABLE_MODULES = YES;
				CLANG_ENABLE_OBJC_ARC = YES;
				CLANG_ENABLE_OBJC_WEAK = YES;
				CLANG_WARN_BLOCK_CAPTURE_AUTORELEASING = YES;
				CLANG_WARN_BOOL_CONVERSION = YES;
				CLANG_WARN_COMMA = YES;
				CLANG_WARN_CONSTANT_CONVERSION = YES;
				CLANG_WARN_DEPRECATED_OBJC_IMPLEMENTATIONS = YES;
				CLANG_WARN_DIRECT_OBJC_ISA_USAGE = YES_ERROR;
				CLANG_WARN_DOCUMENTATION_COMMENTS = YES;
				CLANG_WARN_EMPTY_BODY = YES;
				CLANG_WARN_ENUM_CONVERSION = YES;
				CLANG_WARN_INFINITE_RECURSION = YES;
				CLANG_WARN_INT_CONVERSION = YES;
				CLANG_WARN_NON_LITERAL_NULL_CONVERSION = YES;
				CLANG_WARN_OBJC_IMPLICIT_RETAIN_SELF = YES;
				CLANG_WARN_OBJC_LITERAL_CONVERSION = YES;
				CLANG_WARN_OBJC_ROOT_CLASS = YES_ERROR;
				CLANG_WARN_RANGE_LOOP_ANALYSIS = YES;
				CLANG_WARN_STRICT_PROTOTYPES = YES;
				CLANG_WARN_SUSPICIOUS_MOVE = YES;
				CLANG_WARN_UNGUARDED_AVAILABILITY = YES_AGGRESSIVE;
				CLANG_WARN_UNREACHABLE_CODE = YES;
				CLANG_WARN__DUPLICATE_METHOD_MATCH = YES;
				COPY_PHASE_STRIP = NO;
				DEBUG_INFORMATION_FORMAT = "dwarf-with-dsym";
				ENABLE_NS_ASSERTIONS = NO;
				ENABLE_STRICT_OBJC_MSGSEND = YES;
				GCC_C_LANGUAGE_STANDARD = gnu11;
				GCC_NO_COMMON_BLOCKS = YES;
				GCC_WARN_64_TO_32_BIT_CONVERSION = YES;
				GCC_WARN_ABOUT_RETURN_TYPE = YES_ERROR;
				GCC_WARN_UNDECLARED_SELECTOR = YES;
				GCC_WARN_UNINITIALIZED_AUTOS = YES_AGGRESSIVE;
				GCC_WARN_UNUSED_FUNCTION = YES;
				GCC_WARN_UNUSED_VARIABLE = YES;
				MACOSX_DEPLOYMENT_TARGET = 10.15;
				MTL_ENABLE_DEBUG_INFO = NO;
				MTL_FAST_MATH = YES;
				SDKROOT = macosx;
			};
			name = Release;
		};
		7411513D24A478FB0016600D /* Debug */ = {
			isa = XCBuildConfiguration;
			buildSettings = {
				ASSETCATALOG_COMPILER_APPICON_NAME = AppIcon;
				CODE_SIGN_ENTITLEMENTS = CLTabWindowController/CLTabWindowController.entitlements;
				CODE_SIGN_STYLE = Automatic;
				COMBINE_HIDPI_IMAGES = YES;
				DEVELOPMENT_TEAM = 8JWSMV6EC3;
				ENABLE_HARDENED_RUNTIME = YES;
				INFOPLIST_FILE = CLTabWindowController/Info.plist;
				LD_RUNPATH_SEARCH_PATHS = (
					"$(inherited)",
					"@executable_path/../Frameworks",
				);
				PRODUCT_BUNDLE_IDENTIFIER = CT.CLTabWindowController;
				PRODUCT_NAME = "$(TARGET_NAME)";
			};
			name = Debug;
		};
		7411513E24A478FB0016600D /* Release */ = {
			isa = XCBuildConfiguration;
			buildSettings = {
				ASSETCATALOG_COMPILER_APPICON_NAME = AppIcon;
				CODE_SIGN_ENTITLEMENTS = CLTabWindowController/CLTabWindowController.entitlements;
				CODE_SIGN_STYLE = Automatic;
				COMBINE_HIDPI_IMAGES = YES;
				DEVELOPMENT_TEAM = 8JWSMV6EC3;
				ENABLE_HARDENED_RUNTIME = YES;
				INFOPLIST_FILE = CLTabWindowController/Info.plist;
				LD_RUNPATH_SEARCH_PATHS = (
					"$(inherited)",
					"@executable_path/../Frameworks",
				);
				PRODUCT_BUNDLE_IDENTIFIER = CT.CLTabWindowController;
				PRODUCT_NAME = "$(TARGET_NAME)";
			};
			name = Release;
		};
		7411514024A478FB0016600D /* Debug */ = {
			isa = XCBuildConfiguration;
			buildSettings = {
				BUNDLE_LOADER = "$(TEST_HOST)";
				CODE_SIGN_STYLE = Automatic;
				COMBINE_HIDPI_IMAGES = YES;
				DEVELOPMENT_TEAM = 8JWSMV6EC3;
				INFOPLIST_FILE = CLTabWindowControllerTests/Info.plist;
				LD_RUNPATH_SEARCH_PATHS = (
					"$(inherited)",
					"@executable_path/../Frameworks",
					"@loader_path/../Frameworks",
				);
				MACOSX_DEPLOYMENT_TARGET = 10.15;
				PRODUCT_BUNDLE_IDENTIFIER = CT.CLTabWindowControllerTests;
				PRODUCT_NAME = "$(TARGET_NAME)";
				TEST_HOST = "$(BUILT_PRODUCTS_DIR)/CLTabWindowController.app/Contents/MacOS/CLTabWindowController";
			};
			name = Debug;
		};
		7411514124A478FB0016600D /* Release */ = {
			isa = XCBuildConfiguration;
			buildSettings = {
				BUNDLE_LOADER = "$(TEST_HOST)";
				CODE_SIGN_STYLE = Automatic;
				COMBINE_HIDPI_IMAGES = YES;
				DEVELOPMENT_TEAM = 8JWSMV6EC3;
				INFOPLIST_FILE = CLTabWindowControllerTests/Info.plist;
				LD_RUNPATH_SEARCH_PATHS = (
					"$(inherited)",
					"@executable_path/../Frameworks",
					"@loader_path/../Frameworks",
				);
				MACOSX_DEPLOYMENT_TARGET = 10.15;
				PRODUCT_BUNDLE_IDENTIFIER = CT.CLTabWindowControllerTests;
				PRODUCT_NAME = "$(TARGET_NAME)";
				TEST_HOST = "$(BUILT_PRODUCTS_DIR)/CLTabWindowController.app/Contents/MacOS/CLTabWindowController";
			};
			name = Release;
		};
		7411514324A478FB0016600D /* Debug */ = {
			isa = XCBuildConfiguration;
			buildSettings = {
				CODE_SIGN_STYLE = Automatic;
				COMBINE_HIDPI_IMAGES = YES;
				DEVELOPMENT_TEAM = 8JWSMV6EC3;
				INFOPLIST_FILE = CLTabWindowControllerUITests/Info.plist;
				LD_RUNPATH_SEARCH_PATHS = (
					"$(inherited)",
					"@executable_path/../Frameworks",
					"@loader_path/../Frameworks",
				);
				PRODUCT_BUNDLE_IDENTIFIER = CT.CLTabWindowControllerUITests;
				PRODUCT_NAME = "$(TARGET_NAME)";
				TEST_TARGET_NAME = CLTabWindowController;
			};
			name = Debug;
		};
		7411514424A478FB0016600D /* Release */ = {
			isa = XCBuildConfiguration;
			buildSettings = {
				CODE_SIGN_STYLE = Automatic;
				COMBINE_HIDPI_IMAGES = YES;
				DEVELOPMENT_TEAM = 8JWSMV6EC3;
				INFOPLIST_FILE = CLTabWindowControllerUITests/Info.plist;
				LD_RUNPATH_SEARCH_PATHS = (
					"$(inherited)",
					"@executable_path/../Frameworks",
					"@loader_path/../Frameworks",
				);
				PRODUCT_BUNDLE_IDENTIFIER = CT.CLTabWindowControllerUITests;
				PRODUCT_NAME = "$(TARGET_NAME)";
				TEST_TARGET_NAME = CLTabWindowController;
			};
			name = Release;
		};
/* End XCBuildConfiguration section */

/* Begin XCConfigurationList section */
		7411510D24A478FA0016600D /* Build configuration list for PBXProject "CLTabWindowController" */ = {
			isa = XCConfigurationList;
			buildConfigurations = (
				7411513A24A478FB0016600D /* Debug */,
				7411513B24A478FB0016600D /* Release */,
			);
			defaultConfigurationIsVisible = 0;
			defaultConfigurationName = Release;
		};
		7411513C24A478FB0016600D /* Build configuration list for PBXNativeTarget "CLTabWindowController" */ = {
			isa = XCConfigurationList;
			buildConfigurations = (
				7411513D24A478FB0016600D /* Debug */,
				7411513E24A478FB0016600D /* Release */,
			);
			defaultConfigurationIsVisible = 0;
			defaultConfigurationName = Release;
		};
		7411513F24A478FB0016600D /* Build configuration list for PBXNativeTarget "CLTabWindowControllerTests" */ = {
			isa = XCConfigurationList;
			buildConfigurations = (
				7411514024A478FB0016600D /* Debug */,
				7411514124A478FB0016600D /* Release */,
			);
			defaultConfigurationIsVisible = 0;
			defaultConfigurationName = Release;
		};
		7411514224A478FB0016600D /* Build configuration list for PBXNativeTarget "CLTabWindowControllerUITests" */ = {
			isa = XCConfigurationList;
			buildConfigurations = (
				7411514324A478FB0016600D /* Debug */,
				7411514424A478FB0016600D /* Release */,
			);
			defaultConfigurationIsVisible = 0;
			defaultConfigurationName = Release;
		};
/* End XCConfigurationList section */
	};
	rootObject = 7411510A24A478FA0016600D /* Project object */;
}
