PODS:
  - CLTabWindowController (0.1.0):
    - Masonry
  - CocoaLumberjack (3.6.1):
    - CocoaLumberjack/Core (= 3.6.1)
  - CocoaLumberjack/Core (3.6.1)
  - Masonry (1.1.0)
  - SVGKit (2.1.1):
    - CocoaLumberjack (~> 3.0)

DEPENDENCIES:
  - CLTabWindowController
  - SVGKit

SPEC REPOS:
  trunk:
    - CLTabWindowController
    - CocoaLumberjack
    - Masonry
    - SVGKit

SPEC CHECKSUMS:
  CLTabWindowController: 39206fcffbdfa106299ec32b300f8843217b608c
  CocoaLumberjack: b17ae15142558d08bbacf69775fa10c4abbebcc9
  Masonry: 678fab65091a9290e40e2832a55e7ab731aad201
  SVGKit: 652cdf7bef8bec8564d04a8511d3ab50c7595fac

PODFILE CHECKSUM: ca58c63953344d497706d4e717d85da0d184305d

COCOAPODS: 1.9.2
